
Microsoft Visual Studio Solution File, Format Version 12.00
# Visual Studio Version 17
VisualStudioVersion = 17.4.33205.214
MinimumVisualStudioVersion = 10.0.40219.1
Project("{9A19103F-16F7-4668-BE54-9A1E7A4F7556}") = "Esolang", "Esolang\Esolang.csproj", "{7218A1D4-FECA-4F30-A077-FB4F7361EEC0}"
EndProject
Project("{54435603-DBB4-11D2-8724-00A0C9A8B90C}") = "Setup", "Setup\Setup.vdproj", "{53522E4F-C27A-4B71-8A6E-56B5013FE092}"
EndProject
Global
	GlobalSection(SolutionConfigurationPlatforms) = preSolution
		Debug|Any CPU = Debug|Any CPU
		Release|Any CPU = Release|Any CPU
	EndGlobalSection
	GlobalSection(ProjectConfigurationPlatforms) = postSolution
		{7218A1D4-FECA-4F30-A077-FB4F7361EEC0}.Debug|Any CPU.ActiveCfg = Debug|Any CPU
		{7218A1D4-FECA-4F30-A077-FB4F7361EEC0}.Debug|Any CPU.Build.0 = Debug|Any CPU
		{7218A1D4-FECA-4F30-A077-FB4F7361EEC0}.Release|Any CPU.ActiveCfg = Release|Any CPU
		{7218A1D4-FECA-4F30-A077-FB4F7361EEC0}.Release|Any CPU.Build.0 = Release|Any CPU
		{53522E4F-C27A-4B71-8A6E-56B5013FE092}.Debug|Any CPU.ActiveCfg = Debug
		{53522E4F-C27A-4B71-8A6E-56B5013FE092}.Release|Any CPU.ActiveCfg = Release
	EndGlobalSection
	GlobalSection(SolutionProperties) = preSolution
		HideSolutionNode = FALSE
	EndGlobalSection
	GlobalSection(ExtensibilityGlobals) = postSolution
		SolutionGuid = {FFD1487A-4B19-41CB-AB2E-D5C663BC7DBD}
	EndGlobalSection
EndGlobal
